
Microsoft Visual Studio Solution File, Format Version 12.00
# Visual Studio Version 17
VisualStudioVersion = 17.5.002.0
MinimumVisualStudioVersion = 10.0.40219.1
Project("{9A19103F-16F7-4668-BE54-9A1E7A4F7556}") = "e-commerce", "e-commerce.csproj", "{F56FD562-C3E5-4767-B84C-A637BA601B2A}"
EndProject
Global
	GlobalSection(SolutionConfigurationPlatforms) = preSolution
		Debug|Any CPU = Debug|Any CPU
		Release|Any CPU = Release|Any CPU
	EndGlobalSection
	GlobalSection(ProjectConfigurationPlatforms) = postSolution
		{F56FD562-C3E5-4767-B84C-A637BA601B2A}.Debug|Any CPU.ActiveCfg = Debug|Any CPU
		{F56FD562-C3E5-4767-B84C-A637BA601B2A}.Debug|Any CPU.Build.0 = Debug|Any CPU
		{F56FD562-C3E5-4767-B84C-A637BA601B2A}.Release|Any CPU.ActiveCfg = Release|Any CPU
		{F56FD562-C3E5-4767-B84C-A637BA601B2A}.Release|Any CPU.Build.0 = Release|Any CPU
	EndGlobalSection
	GlobalSection(SolutionProperties) = preSolution
		HideSolutionNode = FALSE
	EndGlobalSection
	GlobalSection(ExtensibilityGlobals) = postSolution
		SolutionGuid = {F236F83F-4E3D-440C-AEF6-E5AE145A2085}
	EndGlobalSection
EndGlobal
